
Microsoft Visual Studio Solution File, Format Version 12.00
Project("{FAE04EC0-301F-11D3-BF4B-00C04F79EFBC}") = "BlogAppMor", "BlogAppMor.csproj", "{9437EB15-AA30-4C71-8C92-8C63C2303EF6}"
EndProject
Global
	GlobalSection(SolutionConfigurationPlatforms) = preSolution
		Debug|Any CPU = Debug|Any CPU
		Release|Any CPU = Release|Any CPU
	EndGlobalSection
	GlobalSection(ProjectConfigurationPlatforms) = postSolution
		{9437EB15-AA30-4C71-8C92-8C63C2303EF6}.Debug|Any CPU.ActiveCfg = Debug|Any CPU
		{9437EB15-AA30-4C71-8C92-8C63C2303EF6}.Debug|Any CPU.Build.0 = Debug|Any CPU
		{9437EB15-AA30-4C71-8C92-8C63C2303EF6}.Release|Any CPU.ActiveCfg = Release|Any CPU
		{9437EB15-AA30-4C71-8C92-8C63C2303EF6}.Release|Any CPU.Build.0 = Release|Any CPU
	EndGlobalSection
EndGlobal
